PODS:
  - Alamofire (4.7.2)
  - AlamofireImage (3.3.1):
    - Alamofire (~> 4.5)
  - Material (2.14.0):
    - Material/Core (= 2.14.0)
  - Material/Core (2.14.0):
    - Motion (~> 1.3.0)
  - Motion (1.3.5):
    - Motion/Core (= 1.3.5)
  - Motion/Core (1.3.5)
  - SnapKit (4.0.0)
  - SQLite.swift (0.11.5):
    - SQLite.swift/standard (= 0.11.5)
  - SQLite.swift/standard (0.11.5)
  - StarWars (2.0)

DEPENDENCIES:
  - Alamofire
  - AlamofireImage
  - Material
  - SnapKit
  - SQLite.swift
  - StarWars

SPEC CHECKSUMS:
  Alamofire: e4fa87002c137ba2d8d634d2c51fabcda0d5c223
  AlamofireImage: 3b35b586853abaf94ca1250f4e94cff3c21a4c0d
  Material: c5bea030f57d4b903c5284200bb612d571c9ec03
  Motion: 9f74d115d7f72bb5380a8e3cde2f8a1fc898ac36
  SnapKit: a42d492c16e80209130a3379f73596c3454b7694
  SQLite.swift: 6e5356850bb1791459f8c16d6ee9195b28714a2e
  StarWars: 3c68dc5e9f1b6ca6d407b1d4218fd8a65c2eacfa

PODFILE CHECKSUM: 2e0879ba60e3af0a4517b37610c7c693a29bcc6c

COCOAPODS: 1.4.0
